
Microsoft Visual Studio Solution File, Format Version 12.00
# Visual Studio Version 16
VisualStudioVersion = 16.0.30320.27
MinimumVisualStudioVersion = 10.0.40219.1
Project("{9A19103F-16F7-4668-BE54-9A1E7A4F7556}") = "WestMarchSite", "WestMarchSite\WestMarchSite.csproj", "{0E9BCD2C-2D9D-4AC4-96CC-5951C646FB62}"
EndProject
Project("{FAE04EC0-301F-11D3-BF4B-00C04F79EFBC}") = "WestMarchSite.Tests", "WestMarchSite.Tests\WestMarchSite.Tests.csproj", "{531E9FF9-8DC5-4D07-9AE1-D8D44CC0F749}"
EndProject
Global
	GlobalSection(SolutionConfigurationPlatforms) = preSolution
		Debug|Any CPU = Debug|Any CPU
		Release|Any CPU = Release|Any CPU
	EndGlobalSection
	GlobalSection(ProjectConfigurationPlatforms) = postSolution
		{0E9BCD2C-2D9D-4AC4-96CC-5951C646FB62}.Debug|Any CPU.ActiveCfg = Debug|Any CPU
		{0E9BCD2C-2D9D-4AC4-96CC-5951C646FB62}.Debug|Any CPU.Build.0 = Debug|Any CPU
		{0E9BCD2C-2D9D-4AC4-96CC-5951C646FB62}.Release|Any CPU.ActiveCfg = Release|Any CPU
		{0E9BCD2C-2D9D-4AC4-96CC-5951C646FB62}.Release|Any CPU.Build.0 = Release|Any CPU
		{531E9FF9-8DC5-4D07-9AE1-D8D44CC0F749}.Debug|Any CPU.ActiveCfg = Debug|Any CPU
		{531E9FF9-8DC5-4D07-9AE1-D8D44CC0F749}.Debug|Any CPU.Build.0 = Debug|Any CPU
		{531E9FF9-8DC5-4D07-9AE1-D8D44CC0F749}.Release|Any CPU.ActiveCfg = Release|Any CPU
		{531E9FF9-8DC5-4D07-9AE1-D8D44CC0F749}.Release|Any CPU.Build.0 = Release|Any CPU
	EndGlobalSection
	GlobalSection(SolutionProperties) = preSolution
		HideSolutionNode = FALSE
	EndGlobalSection
	GlobalSection(ExtensibilityGlobals) = postSolution
		SolutionGuid = {F42D6B22-366A-4754-89D8-C339EF864528}
	EndGlobalSection
EndGlobal
